
Microsoft Visual Studio Solution File, Format Version 12.00
# Visual Studio Version 17
VisualStudioVersion = 17.8.34330.188
MinimumVisualStudioVersion = 10.0.40219.1
Project("{FAE04EC0-301F-11D3-BF4B-00C04F79EFBC}") = "Library-3", "Library-3\Library-3.csproj", "{FFE50D4F-3033-4063-8C0A-9EF432B7122C}"
EndProject
Global
	GlobalSection(SolutionConfigurationPlatforms) = preSolution
		Debug|Any CPU = Debug|Any CPU
		Release|Any CPU = Release|Any CPU
	EndGlobalSection
	GlobalSection(ProjectConfigurationPlatforms) = postSolution
		{FFE50D4F-3033-4063-8C0A-9EF432B7122C}.Debug|Any CPU.ActiveCfg = Debug|Any CPU
		{FFE50D4F-3033-4063-8C0A-9EF432B7122C}.Debug|Any CPU.Build.0 = Debug|Any CPU
		{FFE50D4F-3033-4063-8C0A-9EF432B7122C}.Release|Any CPU.ActiveCfg = Release|Any CPU
		{FFE50D4F-3033-4063-8C0A-9EF432B7122C}.Release|Any CPU.Build.0 = Release|Any CPU
	EndGlobalSection
	GlobalSection(SolutionProperties) = preSolution
		HideSolutionNode = FALSE
	EndGlobalSection
	GlobalSection(ExtensibilityGlobals) = postSolution
		SolutionGuid = {E2921970-9208-41F6-85E4-C3B1E4A3BAD2}
	EndGlobalSection
EndGlobal
